<?xml version="1.0" encoding="utf-8"?>
<Project ToolsVersion="4.0" xmlns="http://schemas.microsoft.com/developer/msbuild/2003">
  <ItemGroup>
    <ClCompile Include="..\AmazingPaint\MainWindow.cpp">
      <Filter>Source Files</Filter>
    </ClCompile>
    <ClCompile Include="..\AmazingPaint\AmazingPaint.cpp">
      <Filter>Source Files</Filter>
    </ClCompile>
    <ClCompile Include="..\main.cpp" />
    <ClCompile Include="..\GUI\DefaultLayoutManager.cpp">
      <Filter>GUI\Layout</Filter>
    </ClCompile>
    <ClCompile Include="..\GUI\LayoutManager.cpp">
      <Filter>GUI\Layout</Filter>
    </ClCompile>
    <ClCompile Include="..\GUI\StyleSheetCreator.cpp">
      <Filter>GUI\Styles</Filter>
    </ClCompile>
  </ItemGroup>
  <ItemGroup>
    <Filter Include="Header Files">
      <UniqueIdentifier>{305f8fa4-2663-453b-b0ba-84a9d68d9c8f}</UniqueIdentifier>
    </Filter>
    <Filter Include="Source Files">
      <UniqueIdentifier>{8b7e6e45-de5d-4088-8638-bc7841d5ae5b}</UniqueIdentifier>
    </Filter>
    <Filter Include="GUI">
      <UniqueIdentifier>{a84db70e-bbdb-4a47-bf22-da7508b545ae}</UniqueIdentifier>
    </Filter>
    <Filter Include="GUI\Layout">
      <UniqueIdentifier>{072f6ec4-bb3c-4b56-943f-16b2d4b7ca3b}</UniqueIdentifier>
    </Filter>
    <Filter Include="GUI\Styles">
      <UniqueIdentifier>{c2966464-c564-47a0-8ebd-db95384002a6}</UniqueIdentifier>
    </Filter>
    <Filter Include="Graphics">
      <UniqueIdentifier>{1ded657c-27c0-40ab-baeb-2083fc8570ea}</UniqueIdentifier>
    </Filter>
    <Filter Include="Graphics\Interfaces">
      <UniqueIdentifier>{5f3a62cf-1f62-4991-8775-9baff6cbfd3d}</UniqueIdentifier>
    </Filter>
  </ItemGroup>
  <ItemGroup>
    <QtMoc Include="..\AmazingPaint\MainWindow.h">
      <Filter>Header Files</Filter>
    </QtMoc>
  </ItemGroup>
  <ItemGroup>
    <ClInclude Include="..\AmazingPaint\AmazingPaint.h">
      <Filter>Header Files</Filter>
    </ClInclude>
    <ClInclude Include="..\GUI\DefaultLayoutManager.h">
      <Filter>GUI\Layout</Filter>
    </ClInclude>
    <ClInclude Include="..\GUI\LayoutManager.h">
      <Filter>GUI\Layout</Filter>
    </ClInclude>
    <ClInclude Include="..\GUI\StyleSheetCreator.h">
      <Filter>GUI\Styles</Filter>
    </ClInclude>
    <ClInclude Include="..\Graphics\GraphicalLayout.h">
      <Filter>Graphics\Interfaces</Filter>
    </ClInclude>
    <ClInclude Include="..\Graphics\GraphicalLayoutElement.h">
      <Filter>Graphics\Interfaces</Filter>
    </ClInclude>
    <ClInclude Include="..\Graphics\GraphicalElement.h">
      <Filter>Graphics\Interfaces</Filter>
    </ClInclude>
    <ClInclude Include="..\Graphics\GraphicalWindow.h">
      <Filter>Graphics\Interfaces</Filter>
    </ClInclude>
    <ClInclude Include="..\Graphics\Manipulator.h">
      <Filter>Graphics\Interfaces</Filter>
    </ClInclude>
    <ClInclude Include="..\Graphics\Painter.h">
      <Filter>Graphics\Interfaces</Filter>
    </ClInclude>
  </ItemGroup>
</Project>